
Microsoft Visual Studio Solution File, Format Version 12.00
# Visual Studio 15
VisualStudioVersion = 15.0.28307.168
MinimumVisualStudioVersion = 10.0.40219.1
Project("{FAE04EC0-301F-11D3-BF4B-00C04F79EFBC}") = "EquacaoIIgrau", "EquacaoIIgrau\EquacaoIIgrau.csproj", "{408BF6D4-2779-48B9-B10A-DD0EBF1D3D28}"
EndProject
Global
	GlobalSection(SolutionConfigurationPlatforms) = preSolution
		Debug|Any CPU = Debug|Any CPU
		Release|Any CPU = Release|Any CPU
	EndGlobalSection
	GlobalSection(ProjectConfigurationPlatforms) = postSolution
		{408BF6D4-2779-48B9-B10A-DD0EBF1D3D28}.Debug|Any CPU.ActiveCfg = Debug|Any CPU
		{408BF6D4-2779-48B9-B10A-DD0EBF1D3D28}.Debug|Any CPU.Build.0 = Debug|Any CPU
		{408BF6D4-2779-48B9-B10A-DD0EBF1D3D28}.Release|Any CPU.ActiveCfg = Release|Any CPU
		{408BF6D4-2779-48B9-B10A-DD0EBF1D3D28}.Release|Any CPU.Build.0 = Release|Any CPU
	EndGlobalSection
	GlobalSection(SolutionProperties) = preSolution
		HideSolutionNode = FALSE
	EndGlobalSection
	GlobalSection(ExtensibilityGlobals) = postSolution
		SolutionGuid = {BC205AEB-45F3-40A7-83D3-F7A86FA2A990}
	EndGlobalSection
EndGlobal
