
Microsoft Visual Studio Solution File, Format Version 12.00
# Visual Studio 15
VisualStudioVersion = 15.0.28307.168
MinimumVisualStudioVersion = 10.0.40219.1
Project("{FAE04EC0-301F-11D3-BF4B-00C04F79EFBC}") = "Loja", "Loja\Loja.csproj", "{A89ACD02-0EBA-4AD1-9D69-8CED0994ACE0}"
EndProject
Global
	GlobalSection(SolutionConfigurationPlatforms) = preSolution
		Debug|Any CPU = Debug|Any CPU
		Release|Any CPU = Release|Any CPU
	EndGlobalSection
	GlobalSection(ProjectConfigurationPlatforms) = postSolution
		{A89ACD02-0EBA-4AD1-9D69-8CED0994ACE0}.Debug|Any CPU.ActiveCfg = Debug|Any CPU
		{A89ACD02-0EBA-4AD1-9D69-8CED0994ACE0}.Debug|Any CPU.Build.0 = Debug|Any CPU
		{A89ACD02-0EBA-4AD1-9D69-8CED0994ACE0}.Release|Any CPU.ActiveCfg = Release|Any CPU
		{A89ACD02-0EBA-4AD1-9D69-8CED0994ACE0}.Release|Any CPU.Build.0 = Release|Any CPU
	EndGlobalSection
	GlobalSection(SolutionProperties) = preSolution
		HideSolutionNode = FALSE
	EndGlobalSection
	GlobalSection(ExtensibilityGlobals) = postSolution
		SolutionGuid = {ADBBFAFE-8F8A-4730-9C92-34E325D834EC}
	EndGlobalSection
EndGlobal
