
Microsoft Visual Studio Solution File, Format Version 12.00
# Visual Studio 15
VisualStudioVersion = 15.0.28307.168
MinimumVisualStudioVersion = 10.0.40219.1
Project("{FAE04EC0-301F-11D3-BF4B-00C04F79EFBC}") = "Viagem", "Viagem\Viagem.csproj", "{D7D01A76-F011-4FB4-AA98-4213841EF57B}"
EndProject
Global
	GlobalSection(SolutionConfigurationPlatforms) = preSolution
		Debug|Any CPU = Debug|Any CPU
		Release|Any CPU = Release|Any CPU
	EndGlobalSection
	GlobalSection(ProjectConfigurationPlatforms) = postSolution
		{D7D01A76-F011-4FB4-AA98-4213841EF57B}.Debug|Any CPU.ActiveCfg = Debug|Any CPU
		{D7D01A76-F011-4FB4-AA98-4213841EF57B}.Debug|Any CPU.Build.0 = Debug|Any CPU
		{D7D01A76-F011-4FB4-AA98-4213841EF57B}.Release|Any CPU.ActiveCfg = Release|Any CPU
		{D7D01A76-F011-4FB4-AA98-4213841EF57B}.Release|Any CPU.Build.0 = Release|Any CPU
	EndGlobalSection
	GlobalSection(SolutionProperties) = preSolution
		HideSolutionNode = FALSE
	EndGlobalSection
	GlobalSection(ExtensibilityGlobals) = postSolution
		SolutionGuid = {9DA29855-5CA8-45E7-95A8-A5476BBFAD53}
	EndGlobalSection
EndGlobal
